// !$*UTF8*$!
{
	archiveVersion = 1;
	classes = {
	};
	objectVersion = 77;
	objects = {

/* Begin PBXBuildFile section */
		037367169C105E0BF0971B14 /* BikeCuesApp.swift in Sources */ = {isa = PBXBuildFile; fileRef = DF2061CD9339D98324E3186C /* BikeCuesApp.swift */; };
		0E921F1423E40D905C6064C6 /* RideStatsView.swift in Sources */ = {isa = PBXBuildFile; fileRef = 7BB134E01E3BFE0E7A5E8B77 /* RideStatsView.swift */; };
		114EF45229BF63C2A2BC0083 /* SmokeTests.swift in Sources */ = {isa = PBXBuildFile; fileRef = 3ECEDF899B01969B03CAEFC4 /* SmokeTests.swift */; };
		120ADDF5B87F2008A481DD80 /* RideDetailView.swift in Sources */ = {isa = PBXBuildFile; fileRef = CCE7559555BE224F8DF3D714 /* RideDetailView.swift */; };
		125FD39862DEF751D966DD66 /* ConfettiSwiftUI in Frameworks */ = {isa = PBXBuildFile; productRef = 68A76BAE95C309BB1912D378 /* ConfettiSwiftUI */; };
		2B2605F6F8F292F3FBF851FF /* coucouWidgets.appex in Embed Foundation Extensions */ = {isa = PBXBuildFile; fileRef = 82B2F877F2D02A46F3E4A1F7 /* coucouWidgets.appex */; settings = {ATTRIBUTES = (RemoveHeadersOnCopy, ); }; };
		333E96E2058C431957AC7EF0 /* RideView.swift in Sources */ = {isa = PBXBuildFile; fileRef = E55BF04FE7B796252E181912 /* RideView.swift */; };
		4469EFCAE402BB540A5AB083 /* RideActivityAttributes.swift in Sources */ = {isa = PBXBuildFile; fileRef = D6BBC6B08D2E434DA31F8C4C /* RideActivityAttributes.swift */; };
		48129B40361357F5B0C929D9 /* RideLiveActivityWidget.swift in Sources */ = {isa = PBXBuildFile; fileRef = 211011DC00BF05CF8CE2E519 /* RideLiveActivityWidget.swift */; };
		4F58AB5A6BE9EC23C6C6EC50 /* RideLiveActivity.swift in Sources */ = {isa = PBXBuildFile; fileRef = F58C3F3E5E18F75B7F069DE3 /* RideLiveActivity.swift */; };
		5E0A1406EC91603A56B078D3 /* LogView.swift in Sources */ = {isa = PBXBuildFile; fileRef = 63B77F42801441409805BBB4 /* LogView.swift */; };
		7147F4B86085DEEC5BC75AF8 /* CueSpeaker.swift in Sources */ = {isa = PBXBuildFile; fileRef = 89890B9A6069886C033F4A06 /* CueSpeaker.swift */; };
		7FA2DB8834C50F7018B2BC46 /* RideModels.swift in Sources */ = {isa = PBXBuildFile; fileRef = DAAFC4FC5E6679385242DB18 /* RideModels.swift */; };
		93D6BD361D528F24607239E9 /* Assets.xcassets in Resources */ = {isa = PBXBuildFile; fileRef = 2CDE9672134DA0E28A328E68 /* Assets.xcassets */; };
		9403624BF97790DCAAAB6B24 /* RootTabView.swift in Sources */ = {isa = PBXBuildFile; fileRef = 341165BD9284251666AE22C8 /* RootTabView.swift */; };
		9E9EDE1128C2C5FD0BBFC5E8 /* PraisePool.swift in Sources */ = {isa = PBXBuildFile; fileRef = 235D90503C6B7C457366FFFD /* PraisePool.swift */; };
		A28108F8FCC2B64B21C87193 /* RideActivityAttributes.swift in Sources */ = {isa = PBXBuildFile; fileRef = D6BBC6B08D2E434DA31F8C4C /* RideActivityAttributes.swift */; };
		B55140F0E03235BE2406FBBC /* HealthKitStore.swift in Sources */ = {isa = PBXBuildFile; fileRef = 661852B9722343B8CDA1DB92 /* HealthKitStore.swift */; };
		BC71C88E8578E18E194CC00F /* PedometerSource.swift in Sources */ = {isa = PBXBuildFile; fileRef = CBB9FCD46D233C862416F005 /* PedometerSource.swift */; };
		CB50FCD05F46E453921BD09D /* CuesView.swift in Sources */ = {isa = PBXBuildFile; fileRef = 21507F2C07B5CEF0CBA19136 /* CuesView.swift */; };
		E419C6615DA5A02C4E165EA0 /* SettingsView.swift in Sources */ = {isa = PBXBuildFile; fileRef = 53794E69F6644A06301C01D4 /* SettingsView.swift */; };
		E822641B757321525B8654E0 /* LocationRecorder.swift in Sources */ = {isa = PBXBuildFile; fileRef = 4937850F3E610246EA28F22C /* LocationRecorder.swift */; };
		EBD9B1B5DAEB92550AFCB6D6 /* RideEngine.swift in Sources */ = {isa = PBXBuildFile; fileRef = 0C650AD87F0E203D6EE40DF0 /* RideEngine.swift */; };
		F38211EDED04F4303B0C1B42 /* RideSummaryView.swift in Sources */ = {isa = PBXBuildFile; fileRef = 41D76E9C15C82F59F5C4E7D3 /* RideSummaryView.swift */; };
/* End PBXBuildFile section */

/* Begin PBXContainerItemProxy section */
		4A6429F0FC652F60A943DAC5 /* PBXContainerItemProxy */ = {
			isa = PBXContainerItemProxy;
			containerPortal = 6969082B24313B5EE38ECE64 /* Project object */;
			proxyType = 1;
			remoteGlobalIDString = A65664900542BD3FC9ADB1B6;
			remoteInfo = coucouWidgets;
		};
		FE785DE2506AB014F8BF82EE /* PBXContainerItemProxy */ = {
			isa = PBXContainerItemProxy;
			containerPortal = 6969082B24313B5EE38ECE64 /* Project object */;
			proxyType = 1;
			remoteGlobalIDString = 7D5D70BF3570E65C105986D1;
			remoteInfo = coucou;
		};
/* End PBXContainerItemProxy section */

/* Begin PBXCopyFilesBuildPhase section */
		DA6F4A76776DE4B689BA1971 /* Embed Foundation Extensions */ = {
			isa = PBXCopyFilesBuildPhase;
			buildActionMask = 2147483647;
			dstPath = "";
			dstSubfolderSpec = 13;
			files = (
				2B2605F6F8F292F3FBF851FF /* coucouWidgets.appex in Embed Foundation Extensions */,
			);
			name = "Embed Foundation Extensions";
			runOnlyForDeploymentPostprocessing = 0;
		};
/* End PBXCopyFilesBuildPhase section */

/* Begin PBXFileReference section */
		0C650AD87F0E203D6EE40DF0 /* RideEngine.swift */ = {isa = PBXFileReference; lastKnownFileType = sourcecode.swift; path = RideEngine.swift; sourceTree = "<group>"; };
		211011DC00BF05CF8CE2E519 /* RideLiveActivityWidget.swift */ = {isa = PBXFileReference; lastKnownFileType = sourcecode.swift; path = RideLiveActivityWidget.swift; sourceTree = "<group>"; };
		21507F2C07B5CEF0CBA19136 /* CuesView.swift */ = {isa = PBXFileReference; lastKnownFileType = sourcecode.swift; path = CuesView.swift; sourceTree = "<group>"; };
		235D90503C6B7C457366FFFD /* PraisePool.swift */ = {isa = PBXFileReference; lastKnownFileType = sourcecode.swift; path = PraisePool.swift; sourceTree = "<group>"; };
		2CDE9672134DA0E28A328E68 /* Assets.xcassets */ = {isa = PBXFileReference; lastKnownFileType = folder.assetcatalog; path = Assets.xcassets; sourceTree = "<group>"; };
		341165BD9284251666AE22C8 /* RootTabView.swift */ = {isa = PBXFileReference; lastKnownFileType = sourcecode.swift; path = RootTabView.swift; sourceTree = "<group>"; };
		3ECEDF899B01969B03CAEFC4 /* SmokeTests.swift */ = {isa = PBXFileReference; lastKnownFileType = sourcecode.swift; path = SmokeTests.swift; sourceTree = "<group>"; };
		41D76E9C15C82F59F5C4E7D3 /* RideSummaryView.swift */ = {isa = PBXFileReference; lastKnownFileType = sourcecode.swift; path = RideSummaryView.swift; sourceTree = "<group>"; };
		4937850F3E610246EA28F22C /* LocationRecorder.swift */ = {isa = PBXFileReference; lastKnownFileType = sourcecode.swift; path = LocationRecorder.swift; sourceTree = "<group>"; };
		53794E69F6644A06301C01D4 /* SettingsView.swift */ = {isa = PBXFileReference; lastKnownFileType = sourcecode.swift; path = SettingsView.swift; sourceTree = "<group>"; };
		63B77F42801441409805BBB4 /* LogView.swift */ = {isa = PBXFileReference; lastKnownFileType = sourcecode.swift; path = LogView.swift; sourceTree = "<group>"; };
		661852B9722343B8CDA1DB92 /* HealthKitStore.swift */ = {isa = PBXFileReference; lastKnownFileType = sourcecode.swift; path = HealthKitStore.swift; sourceTree = "<group>"; };
		7BB134E01E3BFE0E7A5E8B77 /* RideStatsView.swift */ = {isa = PBXFileReference; lastKnownFileType = sourcecode.swift; path = RideStatsView.swift; sourceTree = "<group>"; };
		82B2F877F2D02A46F3E4A1F7 /* coucouWidgets.appex */ = {isa = PBXFileReference; includeInIndex = 0; lastKnownFileType = "wrapper.app-extension"; path = coucouWidgets.appex; sourceTree = BUILT_PRODUCTS_DIR; };
		89890B9A6069886C033F4A06 /* CueSpeaker.swift */ = {isa = PBXFileReference; lastKnownFileType = sourcecode.swift; path = CueSpeaker.swift; sourceTree = "<group>"; };
		AB5069D2577504D4564CC9BD /* coucouTests.xctest */ = {isa = PBXFileReference; includeInIndex = 0; lastKnownFileType = wrapper.cfbundle; path = coucouTests.xctest; sourceTree = BUILT_PRODUCTS_DIR; };
		CBB9FCD46D233C862416F005 /* PedometerSource.swift */ = {isa = PBXFileReference; lastKnownFileType = sourcecode.swift; path = PedometerSource.swift; sourceTree = "<group>"; };
		CCE7559555BE224F8DF3D714 /* RideDetailView.swift */ = {isa = PBXFileReference; lastKnownFileType = sourcecode.swift; path = RideDetailView.swift; sourceTree = "<group>"; };
		D6BBC6B08D2E434DA31F8C4C /* RideActivityAttributes.swift */ = {isa = PBXFileReference; lastKnownFileType = sourcecode.swift; path = RideActivityAttributes.swift; sourceTree = "<group>"; };
		DAAFC4FC5E6679385242DB18 /* RideModels.swift */ = {isa = PBXFileReference; lastKnownFileType = sourcecode.swift; path = RideModels.swift; sourceTree = "<group>"; };
		DF2061CD9339D98324E3186C /* BikeCuesApp.swift */ = {isa = PBXFileReference; lastKnownFileType = sourcecode.swift; path = BikeCuesApp.swift; sourceTree = "<group>"; };
		E55BF04FE7B796252E181912 /* RideView.swift */ = {isa = PBXFileReference; lastKnownFileType = sourcecode.swift; path = RideView.swift; sourceTree = "<group>"; };
		F58C3F3E5E18F75B7F069DE3 /* RideLiveActivity.swift */ = {isa = PBXFileReference; lastKnownFileType = sourcecode.swift; path = RideLiveActivity.swift; sourceTree = "<group>"; };
		F79F810A7E7CB719CDE07A44 /* coucou.app */ = {isa = PBXFileReference; includeInIndex = 0; lastKnownFileType = wrapper.application; path = coucou.app; sourceTree = BUILT_PRODUCTS_DIR; };
/* End PBXFileReference section */

/* Begin PBXFrameworksBuildPhase section */
		4691B389AE5423CF2B1FEABF /* Frameworks */ = {
			isa = PBXFrameworksBuildPhase;
			buildActionMask = 2147483647;
			files = (
				125FD39862DEF751D966DD66 /* ConfettiSwiftUI in Frameworks */,
			);
			runOnlyForDeploymentPostprocessing = 0;
		};
/* End PBXFrameworksBuildPhase section */

/* Begin PBXGroup section */
		050A38CFBA9A037F03482C3B /* Shared */ = {
			isa = PBXGroup;
			children = (
				D6BBC6B08D2E434DA31F8C4C /* RideActivityAttributes.swift */,
			);
			path = Shared;
			sourceTree = "<group>";
		};
		098C7A85955692DBEA362B3E /* WidgetExtension */ = {
			isa = PBXGroup;
			children = (
				211011DC00BF05CF8CE2E519 /* RideLiveActivityWidget.swift */,
			);
			path = WidgetExtension;
			sourceTree = "<group>";
		};
		1C1519E2F67442269021EC12 /* Models */ = {
			isa = PBXGroup;
			children = (
				DAAFC4FC5E6679385242DB18 /* RideModels.swift */,
			);
			path = Models;
			sourceTree = "<group>";
		};
		32B7A5C0B5DCBE594AD9A9BE /* Engines */ = {
			isa = PBXGroup;
			children = (
				89890B9A6069886C033F4A06 /* CueSpeaker.swift */,
				661852B9722343B8CDA1DB92 /* HealthKitStore.swift */,
				4937850F3E610246EA28F22C /* LocationRecorder.swift */,
				CBB9FCD46D233C862416F005 /* PedometerSource.swift */,
				235D90503C6B7C457366FFFD /* PraisePool.swift */,
				0C650AD87F0E203D6EE40DF0 /* RideEngine.swift */,
				F58C3F3E5E18F75B7F069DE3 /* RideLiveActivity.swift */,
			);
			path = Engines;
			sourceTree = "<group>";
		};
		4F8A064CB30F94EBF2A3C3EC /* Tests */ = {
			isa = PBXGroup;
			children = (
				3ECEDF899B01969B03CAEFC4 /* SmokeTests.swift */,
			);
			path = Tests;
			sourceTree = "<group>";
		};
		A7387F323F71A97F7B9EEEC3 /* Products */ = {
			isa = PBXGroup;
			children = (
				F79F810A7E7CB719CDE07A44 /* coucou.app */,
				AB5069D2577504D4564CC9BD /* coucouTests.xctest */,
				82B2F877F2D02A46F3E4A1F7 /* coucouWidgets.appex */,
			);
			name = Products;
			sourceTree = "<group>";
		};
		AAB3B38F68573EB575D483D8 /* Sources */ = {
			isa = PBXGroup;
			children = (
				DF2061CD9339D98324E3186C /* BikeCuesApp.swift */,
				32B7A5C0B5DCBE594AD9A9BE /* Engines */,
				1C1519E2F67442269021EC12 /* Models */,
				F4052C17CE6DF8AE70B51635 /* Views */,
			);
			path = Sources;
			sourceTree = "<group>";
		};
		BF30927A5A334DF7C790310F = {
			isa = PBXGroup;
			children = (
				2CDE9672134DA0E28A328E68 /* Assets.xcassets */,
				050A38CFBA9A037F03482C3B /* Shared */,
				AAB3B38F68573EB575D483D8 /* Sources */,
				4F8A064CB30F94EBF2A3C3EC /* Tests */,
				098C7A85955692DBEA362B3E /* WidgetExtension */,
				A7387F323F71A97F7B9EEEC3 /* Products */,
			);
			sourceTree = "<group>";
		};
		F4052C17CE6DF8AE70B51635 /* Views */ = {
			isa = PBXGroup;
			children = (
				21507F2C07B5CEF0CBA19136 /* CuesView.swift */,
				63B77F42801441409805BBB4 /* LogView.swift */,
				CCE7559555BE224F8DF3D714 /* RideDetailView.swift */,
				7BB134E01E3BFE0E7A5E8B77 /* RideStatsView.swift */,
				41D76E9C15C82F59F5C4E7D3 /* RideSummaryView.swift */,
				E55BF04FE7B796252E181912 /* RideView.swift */,
				341165BD9284251666AE22C8 /* RootTabView.swift */,
				53794E69F6644A06301C01D4 /* SettingsView.swift */,
			);
			path = Views;
			sourceTree = "<group>";
		};
/* End PBXGroup section */

/* Begin PBXNativeTarget section */
		7D5D70BF3570E65C105986D1 /* coucou */ = {
			isa = PBXNativeTarget;
			buildConfigurationList = 142C37242E64B8C23F5D53EF /* Build configuration list for PBXNativeTarget "coucou" */;
			buildPhases = (
				C62DF6E53C7AB1836828A7BF /* Sources */,
				309A84E13AB2859DBFA6D4C5 /* Resources */,
				4691B389AE5423CF2B1FEABF /* Frameworks */,
				DA6F4A76776DE4B689BA1971 /* Embed Foundation Extensions */,
			);
			buildRules = (
			);
			dependencies = (
				BC2882255D33283FDB747323 /* PBXTargetDependency */,
			);
			name = coucou;
			packageProductDependencies = (
				68A76BAE95C309BB1912D378 /* ConfettiSwiftUI */,
			);
			productName = coucou;
			productReference = F79F810A7E7CB719CDE07A44 /* coucou.app */;
			productType = "com.apple.product-type.application";
		};
		A65664900542BD3FC9ADB1B6 /* coucouWidgets */ = {
			isa = PBXNativeTarget;
			buildConfigurationList = 377E52C971B2B0B0529A89B8 /* Build configuration list for PBXNativeTarget "coucouWidgets" */;
			buildPhases = (
				9BAEF2FF00A005F20A504A70 /* Sources */,
			);
			buildRules = (
			);
			dependencies = (
			);
			name = coucouWidgets;
			packageProductDependencies = (
			);
			productName = coucouWidgets;
			productReference = 82B2F877F2D02A46F3E4A1F7 /* coucouWidgets.appex */;
			productType = "com.apple.product-type.app-extension";
		};
		F1FE234B7AB2383C2A739399 /* coucouTests */ = {
			isa = PBXNativeTarget;
			buildConfigurationList = 348952CAEC977150DC3DC0AB /* Build configuration list for PBXNativeTarget "coucouTests" */;
			buildPhases = (
				C37D4FFB6BAF07A431161B90 /* Sources */,
			);
			buildRules = (
			);
			dependencies = (
				8BAF692C7164E65898B322E2 /* PBXTargetDependency */,
			);
			name = coucouTests;
			packageProductDependencies = (
			);
			productName = coucouTests;
			productReference = AB5069D2577504D4564CC9BD /* coucouTests.xctest */;
			productType = "com.apple.product-type.bundle.unit-test";
		};
/* End PBXNativeTarget section */

/* Begin PBXProject section */
		6969082B24313B5EE38ECE64 /* Project object */ = {
			isa = PBXProject;
			attributes = {
				BuildIndependentTargetsInParallel = YES;
				LastUpgradeCheck = 1430;
				TargetAttributes = {
					7D5D70BF3570E65C105986D1 = {
						DevelopmentTeam = CJSWWQ2B9V;
						ProvisioningStyle = Automatic;
					};
					A65664900542BD3FC9ADB1B6 = {
						DevelopmentTeam = CJSWWQ2B9V;
						ProvisioningStyle = Automatic;
					};
					F1FE234B7AB2383C2A739399 = {
						DevelopmentTeam = CJSWWQ2B9V;
						ProvisioningStyle = Automatic;
					};
				};
			};
			buildConfigurationList = B7F8A5DBE91916CD3988FDE5 /* Build configuration list for PBXProject "coucou" */;
			developmentRegion = en;
			hasScannedForEncodings = 0;
			knownRegions = (
				Base,
				en,
			);
			mainGroup = BF30927A5A334DF7C790310F;
			minimizedProjectReferenceProxies = 1;
			packageReferences = (
				C7D427BA8A2636AC7A04AF8A /* XCRemoteSwiftPackageReference "ConfettiSwiftUI" */,
			);
			preferredProjectObjectVersion = 77;
			productRefGroup = A7387F323F71A97F7B9EEEC3 /* Products */;
			projectDirPath = "";
			projectRoot = "";
			targets = (
				7D5D70BF3570E65C105986D1 /* coucou */,
				A65664900542BD3FC9ADB1B6 /* coucouWidgets */,
				F1FE234B7AB2383C2A739399 /* coucouTests */,
			);
		};
/* End PBXProject section */

/* Begin PBXResourcesBuildPhase section */
		309A84E13AB2859DBFA6D4C5 /* Resources */ = {
			isa = PBXResourcesBuildPhase;
			buildActionMask = 2147483647;
			files = (
				93D6BD361D528F24607239E9 /* Assets.xcassets in Resources */,
			);
			runOnlyForDeploymentPostprocessing = 0;
		};
/* End PBXResourcesBuildPhase section */

/* Begin PBXSourcesBuildPhase section */
		9BAEF2FF00A005F20A504A70 /* Sources */ = {
			isa = PBXSourcesBuildPhase;
			buildActionMask = 2147483647;
			files = (
				A28108F8FCC2B64B21C87193 /* RideActivityAttributes.swift in Sources */,
				48129B40361357F5B0C929D9 /* RideLiveActivityWidget.swift in Sources */,
			);
			runOnlyForDeploymentPostprocessing = 0;
		};
		C37D4FFB6BAF07A431161B90 /* Sources */ = {
			isa = PBXSourcesBuildPhase;
			buildActionMask = 2147483647;
			files = (
				114EF45229BF63C2A2BC0083 /* SmokeTests.swift in Sources */,
			);
			runOnlyForDeploymentPostprocessing = 0;
		};
		C62DF6E53C7AB1836828A7BF /* Sources */ = {
			isa = PBXSourcesBuildPhase;
			buildActionMask = 2147483647;
			files = (
				037367169C105E0BF0971B14 /* BikeCuesApp.swift in Sources */,
				7147F4B86085DEEC5BC75AF8 /* CueSpeaker.swift in Sources */,
				CB50FCD05F46E453921BD09D /* CuesView.swift in Sources */,
				B55140F0E03235BE2406FBBC /* HealthKitStore.swift in Sources */,
				E822641B757321525B8654E0 /* LocationRecorder.swift in Sources */,
				5E0A1406EC91603A56B078D3 /* LogView.swift in Sources */,
				BC71C88E8578E18E194CC00F /* PedometerSource.swift in Sources */,
				9E9EDE1128C2C5FD0BBFC5E8 /* PraisePool.swift in Sources */,
				4469EFCAE402BB540A5AB083 /* RideActivityAttributes.swift in Sources */,
				120ADDF5B87F2008A481DD80 /* RideDetailView.swift in Sources */,
				EBD9B1B5DAEB92550AFCB6D6 /* RideEngine.swift in Sources */,
				4F58AB5A6BE9EC23C6C6EC50 /* RideLiveActivity.swift in Sources */,
				7FA2DB8834C50F7018B2BC46 /* RideModels.swift in Sources */,
				0E921F1423E40D905C6064C6 /* RideStatsView.swift in Sources */,
				F38211EDED04F4303B0C1B42 /* RideSummaryView.swift in Sources */,
				333E96E2058C431957AC7EF0 /* RideView.swift in Sources */,
				9403624BF97790DCAAAB6B24 /* RootTabView.swift in Sources */,
				E419C6615DA5A02C4E165EA0 /* SettingsView.swift in Sources */,
			);
			runOnlyForDeploymentPostprocessing = 0;
		};
/* End PBXSourcesBuildPhase section */

/* Begin PBXTargetDependency section */
		8BAF692C7164E65898B322E2 /* PBXTargetDependency */ = {
			isa = PBXTargetDependency;
			target = 7D5D70BF3570E65C105986D1 /* coucou */;
			targetProxy = FE785DE2506AB014F8BF82EE /* PBXContainerItemProxy */;
		};
		BC2882255D33283FDB747323 /* PBXTargetDependency */ = {
			isa = PBXTargetDependency;
			target = A65664900542BD3FC9ADB1B6 /* coucouWidgets */;
			targetProxy = 4A6429F0FC652F60A943DAC5 /* PBXContainerItemProxy */;
		};
/* End PBXTargetDependency section */

/* Begin XCBuildConfiguration section */
		2AFB239BF8DA883E992F0DE0 /* Debug */ = {
			isa = XCBuildConfiguration;
			buildSettings = {
				ASSETCATALOG_COMPILER_APPICON_NAME = AppIcon;
				CODE_SIGN_ENTITLEMENTS = bikecues.entitlements;
				CODE_SIGN_IDENTITY = "iPhone Developer";
				GENERATE_INFOPLIST_FILE = NO;
				INFOPLIST_FILE = Info.plist;
				LD_RUNPATH_SEARCH_PATHS = (
					"$(inherited)",
					"@executable_path/Frameworks",
				);
				PRODUCT_BUNDLE_IDENTIFIER = ai.marswave.coucou;
				SDKROOT = iphoneos;
				SUPPORTS_MACCATALYST = NO;
				TARGETED_DEVICE_FAMILY = "1,2";
			};
			name = Debug;
		};
		55D264057663DBE8C2A21C95 /* Release */ = {
			isa = XCBuildConfiguration;
			buildSettings = {
				INFOPLIST_FILE = WidgetExtension/Info.plist;
				LD_RUNPATH_SEARCH_PATHS = (
					"$(inherited)",
					"@executable_path/Frameworks",
					"@executable_path/../../Frameworks",
				);
				PRODUCT_BUNDLE_IDENTIFIER = ai.marswave.coucou.coucouWidgets;
				SDKROOT = iphoneos;
				SUPPORTS_MACCATALYST = NO;
				TARGETED_DEVICE_FAMILY = "1,2";
			};
			name = Release;
		};
		6AF47DAC59EA3D104684432C /* Debug */ = {
			isa = XCBuildConfiguration;
			buildSettings = {
				INFOPLIST_FILE = WidgetExtension/Info.plist;
				LD_RUNPATH_SEARCH_PATHS = (
					"$(inherited)",
					"@executable_path/Frameworks",
					"@executable_path/../../Frameworks",
				);
				PRODUCT_BUNDLE_IDENTIFIER = ai.marswave.coucou.coucouWidgets;
				SDKROOT = iphoneos;
				SUPPORTS_MACCATALYST = NO;
				TARGETED_DEVICE_FAMILY = "1,2";
			};
			name = Debug;
		};
		704A20DDE3827A8424A8CD4D /* Debug */ = {
			isa = XCBuildConfiguration;
			buildSettings = {
				BUNDLE_LOADER = "$(TEST_HOST)";
				GENERATE_INFOPLIST_FILE = YES;
				LD_RUNPATH_SEARCH_PATHS = (
					"$(inherited)",
					"@executable_path/Frameworks",
					"@loader_path/Frameworks",
				);
				PRODUCT_BUNDLE_IDENTIFIER = com.marswave.coucouTests;
				SDKROOT = iphoneos;
				TARGETED_DEVICE_FAMILY = "1,2";
				TEST_HOST = "$(BUILT_PRODUCTS_DIR)/coucou.app/coucou";
			};
			name = Debug;
		};
		A13CE987F295BCDE5090A3E0 /* Release */ = {
			isa = XCBuildConfiguration;
			buildSettings = {
				ALWAYS_SEARCH_USER_PATHS = NO;
				CLANG_ANALYZER_NONNULL = YES;
				CLANG_ANALYZER_NUMBER_OBJECT_CONVERSION = YES_AGGRESSIVE;
				CLANG_CXX_LANGUAGE_STANDARD = "gnu++14";
				CLANG_CXX_LIBRARY = "libc++";
				CLANG_ENABLE_MODULES = YES;
				CLANG_ENABLE_OBJC_ARC = YES;
				CLANG_ENABLE_OBJC_WEAK = YES;
				CLANG_WARN_BLOCK_CAPTURE_AUTORELEASING = YES;
				CLANG_WARN_BOOL_CONVERSION = YES;
				CLANG_WARN_COMMA = YES;
				CLANG_WARN_CONSTANT_CONVERSION = YES;
				CLANG_WARN_DEPRECATED_OBJC_IMPLEMENTATIONS = YES;
				CLANG_WARN_DIRECT_OBJC_ISA_USAGE = YES_ERROR;
				CLANG_WARN_DOCUMENTATION_COMMENTS = YES;
				CLANG_WARN_EMPTY_BODY = YES;
				CLANG_WARN_ENUM_CONVERSION = YES;
				CLANG_WARN_INFINITE_RECURSION = YES;
				CLANG_WARN_INT_CONVERSION = YES;
				CLANG_WARN_NON_LITERAL_NULL_CONVERSION = YES;
				CLANG_WARN_OBJC_IMPLICIT_RETAIN_SELF = YES;
				CLANG_WARN_OBJC_LITERAL_CONVERSION = YES;
				CLANG_WARN_OBJC_ROOT_CLASS = YES_ERROR;
				CLANG_WARN_QUOTED_INCLUDE_IN_FRAMEWORK_HEADER = YES;
				CLANG_WARN_RANGE_LOOP_ANALYSIS = YES;
				CLANG_WARN_STRICT_PROTOTYPES = YES;
				CLANG_WARN_SUSPICIOUS_MOVE = YES;
				CLANG_WARN_UNGUARDED_AVAILABILITY = YES_AGGRESSIVE;
				CLANG_WARN_UNREACHABLE_CODE = YES;
				CLANG_WARN__DUPLICATE_METHOD_MATCH = YES;
				CODE_SIGN_STYLE = Automatic;
				COPY_PHASE_STRIP = NO;
				CURRENT_PROJECT_VERSION = 1;
				DEBUG_INFORMATION_FORMAT = "dwarf-with-dsym";
				DEVELOPMENT_TEAM = CJSWWQ2B9V;
				ENABLE_NS_ASSERTIONS = NO;
				ENABLE_STRICT_OBJC_MSGSEND = YES;
				GCC_C_LANGUAGE_STANDARD = gnu11;
				GCC_NO_COMMON_BLOCKS = YES;
				GCC_WARN_64_TO_32_BIT_CONVERSION = YES;
				GCC_WARN_ABOUT_RETURN_TYPE = YES_ERROR;
				GCC_WARN_UNDECLARED_SELECTOR = YES;
				GCC_WARN_UNINITIALIZED_AUTOS = YES_AGGRESSIVE;
				GCC_WARN_UNUSED_FUNCTION = YES;
				GCC_WARN_UNUSED_VARIABLE = YES;
				IPHONEOS_DEPLOYMENT_TARGET = 17.0;
				MARKETING_VERSION = 0.1.0;
				MTL_ENABLE_DEBUG_INFO = NO;
				MTL_FAST_MATH = YES;
				PRODUCT_NAME = "$(TARGET_NAME)";
				SDKROOT = iphoneos;
				SWIFT_COMPILATION_MODE = wholemodule;
				SWIFT_OPTIMIZATION_LEVEL = "-O";
				SWIFT_VERSION = 5.10;
			};
			name = Release;
		};
		BD09865EBAF8A4F4C785A717 /* Release */ = {
			isa = XCBuildConfiguration;
			buildSettings = {
				BUNDLE_LOADER = "$(TEST_HOST)";
				GENERATE_INFOPLIST_FILE = YES;
				LD_RUNPATH_SEARCH_PATHS = (
					"$(inherited)",
					"@executable_path/Frameworks",
					"@loader_path/Frameworks",
				);
				PRODUCT_BUNDLE_IDENTIFIER = com.marswave.coucouTests;
				SDKROOT = iphoneos;
				TARGETED_DEVICE_FAMILY = "1,2";
				TEST_HOST = "$(BUILT_PRODUCTS_DIR)/coucou.app/coucou";
			};
			name = Release;
		};
		E96843ABD85F4B481814B7E8 /* Release */ = {
			isa = XCBuildConfiguration;
			buildSettings = {
				ASSETCATALOG_COMPILER_APPICON_NAME = AppIcon;
				CODE_SIGN_ENTITLEMENTS = bikecues.entitlements;
				CODE_SIGN_IDENTITY = "iPhone Developer";
				GENERATE_INFOPLIST_FILE = NO;
				INFOPLIST_FILE = Info.plist;
				LD_RUNPATH_SEARCH_PATHS = (
					"$(inherited)",
					"@executable_path/Frameworks",
				);
				PRODUCT_BUNDLE_IDENTIFIER = ai.marswave.coucou;
				SDKROOT = iphoneos;
				SUPPORTS_MACCATALYST = NO;
				TARGETED_DEVICE_FAMILY = "1,2";
			};
			name = Release;
		};
		ECB553329BA37EC6BB818A17 /* Debug */ = {
			isa = XCBuildConfiguration;
			buildSettings = {
				ALWAYS_SEARCH_USER_PATHS = NO;
				CLANG_ANALYZER_NONNULL = YES;
				CLANG_ANALYZER_NUMBER_OBJECT_CONVERSION = YES_AGGRESSIVE;
				CLANG_CXX_LANGUAGE_STANDARD = "gnu++14";
				CLANG_CXX_LIBRARY = "libc++";
				CLANG_ENABLE_MODULES = YES;
				CLANG_ENABLE_OBJC_ARC = YES;
				CLANG_ENABLE_OBJC_WEAK = YES;
				CLANG_WARN_BLOCK_CAPTURE_AUTORELEASING = YES;
				CLANG_WARN_BOOL_CONVERSION = YES;
				CLANG_WARN_COMMA = YES;
				CLANG_WARN_CONSTANT_CONVERSION = YES;
				CLANG_WARN_DEPRECATED_OBJC_IMPLEMENTATIONS = YES;
				CLANG_WARN_DIRECT_OBJC_ISA_USAGE = YES_ERROR;
				CLANG_WARN_DOCUMENTATION_COMMENTS = YES;
				CLANG_WARN_EMPTY_BODY = YES;
				CLANG_WARN_ENUM_CONVERSION = YES;
				CLANG_WARN_INFINITE_RECURSION = YES;
				CLANG_WARN_INT_CONVERSION = YES;
				CLANG_WARN_NON_LITERAL_NULL_CONVERSION = YES;
				CLANG_WARN_OBJC_IMPLICIT_RETAIN_SELF = YES;
				CLANG_WARN_OBJC_LITERAL_CONVERSION = YES;
				CLANG_WARN_OBJC_ROOT_CLASS = YES_ERROR;
				CLANG_WARN_QUOTED_INCLUDE_IN_FRAMEWORK_HEADER = YES;
				CLANG_WARN_RANGE_LOOP_ANALYSIS = YES;
				CLANG_WARN_STRICT_PROTOTYPES = YES;
				CLANG_WARN_SUSPICIOUS_MOVE = YES;
				CLANG_WARN_UNGUARDED_AVAILABILITY = YES_AGGRESSIVE;
				CLANG_WARN_UNREACHABLE_CODE = YES;
				CLANG_WARN__DUPLICATE_METHOD_MATCH = YES;
				CODE_SIGN_STYLE = Automatic;
				COPY_PHASE_STRIP = NO;
				CURRENT_PROJECT_VERSION = 1;
				DEBUG_INFORMATION_FORMAT = dwarf;
				DEVELOPMENT_TEAM = CJSWWQ2B9V;
				ENABLE_STRICT_OBJC_MSGSEND = YES;
				ENABLE_TESTABILITY = YES;
				GCC_C_LANGUAGE_STANDARD = gnu11;
				GCC_DYNAMIC_NO_PIC = NO;
				GCC_NO_COMMON_BLOCKS = YES;
				GCC_OPTIMIZATION_LEVEL = 0;
				GCC_PREPROCESSOR_DEFINITIONS = (
					"$(inherited)",
					"DEBUG=1",
				);
				GCC_WARN_64_TO_32_BIT_CONVERSION = YES;
				GCC_WARN_ABOUT_RETURN_TYPE = YES_ERROR;
				GCC_WARN_UNDECLARED_SELECTOR = YES;
				GCC_WARN_UNINITIALIZED_AUTOS = YES_AGGRESSIVE;
				GCC_WARN_UNUSED_FUNCTION = YES;
				GCC_WARN_UNUSED_VARIABLE = YES;
				IPHONEOS_DEPLOYMENT_TARGET = 17.0;
				MARKETING_VERSION = 0.1.0;
				MTL_ENABLE_DEBUG_INFO = INCLUDE_SOURCE;
				MTL_FAST_MATH = YES;
				ONLY_ACTIVE_ARCH = YES;
				PRODUCT_NAME = "$(TARGET_NAME)";
				SDKROOT = iphoneos;
				SWIFT_ACTIVE_COMPILATION_CONDITIONS = DEBUG;
				SWIFT_OPTIMIZATION_LEVEL = "-Onone";
				SWIFT_VERSION = 5.10;
			};
			name = Debug;
		};
/* End XCBuildConfiguration section */

/* Begin XCConfigurationList section */
		142C37242E64B8C23F5D53EF /* Build configuration list for PBXNativeTarget "coucou" */ = {
			isa = XCConfigurationList;
			buildConfigurations = (
				2AFB239BF8DA883E992F0DE0 /* Debug */,
				E96843ABD85F4B481814B7E8 /* Release */,
			);
			defaultConfigurationIsVisible = 0;
			defaultConfigurationName = Debug;
		};
		348952CAEC977150DC3DC0AB /* Build configuration list for PBXNativeTarget "coucouTests" */ = {
			isa = XCConfigurationList;
			buildConfigurations = (
				704A20DDE3827A8424A8CD4D /* Debug */,
				BD09865EBAF8A4F4C785A717 /* Release */,
			);
			defaultConfigurationIsVisible = 0;
			defaultConfigurationName = Debug;
		};
		377E52C971B2B0B0529A89B8 /* Build configuration list for PBXNativeTarget "coucouWidgets" */ = {
			isa = XCConfigurationList;
			buildConfigurations = (
				6AF47DAC59EA3D104684432C /* Debug */,
				55D264057663DBE8C2A21C95 /* Release */,
			);
			defaultConfigurationIsVisible = 0;
			defaultConfigurationName = Debug;
		};
		B7F8A5DBE91916CD3988FDE5 /* Build configuration list for PBXProject "coucou" */ = {
			isa = XCConfigurationList;
			buildConfigurations = (
				ECB553329BA37EC6BB818A17 /* Debug */,
				A13CE987F295BCDE5090A3E0 /* Release */,
			);
			defaultConfigurationIsVisible = 0;
			defaultConfigurationName = Debug;
		};
/* End XCConfigurationList section */

/* Begin XCRemoteSwiftPackageReference section */
		C7D427BA8A2636AC7A04AF8A /* XCRemoteSwiftPackageReference "ConfettiSwiftUI" */ = {
			isa = XCRemoteSwiftPackageReference;
			repositoryURL = "https://github.com/simibac/ConfettiSwiftUI.git";
			requirement = {
				kind = upToNextMajorVersion;
				minimumVersion = 2.0.0;
			};
		};
/* End XCRemoteSwiftPackageReference section */

/* Begin XCSwiftPackageProductDependency section */
		68A76BAE95C309BB1912D378 /* ConfettiSwiftUI */ = {
			isa = XCSwiftPackageProductDependency;
			package = C7D427BA8A2636AC7A04AF8A /* XCRemoteSwiftPackageReference "ConfettiSwiftUI" */;
			productName = ConfettiSwiftUI;
		};
/* End XCSwiftPackageProductDependency section */
	};
	rootObject = 6969082B24313B5EE38ECE64 /* Project object */;
}
